{
    "name": "startbootstrap-creative",
    "version": "5.1.4",
    "lockfileVersion": 3,
    "requires": true,
    "packages": {
        "": {
            "name": "startbootstrap-creative",
            "version": "5.1.4",
            "license": "MIT",
            "dependencies": {
                "@fortawesome/fontawesome-free": "^6.5.1",
                "bootstrap": "^5.3.3",
                "jquery": "^3.7.1",
                "jquery.easing": "^1.4.1",
                "magnific-popup": "^1.1.0"
            },
            "devDependencies": {
                "prettier": "^3.2.5",
                "vite": "^5.2.2",
                "vite-plugin-banner": "^0.7.1"
            }
        },
        "node_modules/@esbuild/darwin-arm64": {
            "version": "0.20.2",
            "resolved": "https://registry.npmjs.org/@esbuild/darwin-arm64/-/darwin-arm64-0.20.2.tgz",
            "integrity": "sha512-4J6IRT+10J3aJH3l1yzEg9y3wkTDgDk7TSDFX+wKFiWjqWp/iCfLIYzGyasx9l0SAFPT1HwSCR+0w/h1ES/MjA==",
            "cpu": [
                "arm64"
            ],
            "dev": true,
            "license": "MIT",
            "optional": true,
            "os": [
                "darwin"
            ],
            "engines": {
                "node": ">=12"
            }
        },
        "node_modules/@fortawesome/fontawesome-free": {
            "version": "6.5.1",
            "resolved": "https://registry.npmjs.org/@fortawesome/fontawesome-free/-/fontawesome-free-6.5.1.tgz",
            "integrity": "sha512-CNy5vSwN3fsUStPRLX7fUYojyuzoEMSXPl7zSLJ8TgtRfjv24LOnOWKT2zYwaHZCJGkdyRnTmstR0P+Ah503Gw==",
            "hasInstallScript": true,
            "engines": {
                "node": ">=6"
            }
        },
        "node_modules/@popperjs/core": {
            "version": "2.11.8",
            "resolved": "https://registry.npmjs.org/@popperjs/core/-/core-2.11.8.tgz",
            "integrity": "sha512-P1st0aksCrn9sGZhp8GMYwBnQsbvAWsZAX44oXNNvLHGqAOcoVxmjZiohstwQ7SqKnbR47akdNi+uleWD8+g6A==",
            "peer": true,
            "funding": {
                "type": "opencollective",
                "url": "https://opencollective.com/popperjs"
            }
        },
        "node_modules/@rollup/rollup-darwin-arm64": {
            "version": "4.13.0",
            "resolved": "https://registry.npmjs.org/@rollup/rollup-darwin-arm64/-/rollup-darwin-arm64-4.13.0.tgz",
            "integrity": "sha512-Ovf2evVaP6sW5Ut0GHyUSOqA6tVKfrTHddtmxGQc1CTQa1Cw3/KMCDEEICZBbyppcwnhMwcDce9ZRxdWRpVd6g==",
            "cpu": [
                "arm64"
            ],
            "dev": true,
            "license": "MIT",
            "optional": true,
            "os": [
                "darwin"
            ]
        },
        "node_modules/@types/estree": {
            "version": "1.0.5",
            "resolved": "https://registry.npmjs.org/@types/estree/-/estree-1.0.5.tgz",
            "integrity": "sha512-/kYRxGDLWzHOB7q+wtSUQlFrtcdUccpfy+X+9iMBpHK8QLLhx2wIPYuS5DYtR9Wa/YlZAbIovy7qVdB1Aq6Lyw==",
            "dev": true,
            "license": "MIT"
        },
        "node_modules/bootstrap": {
            "version": "5.3.3",
            "resolved": "https://registry.npmjs.org/bootstrap/-/bootstrap-5.3.3.tgz",
            "integrity": "sha512-8HLCdWgyoMguSO9o+aH+iuZ+aht+mzW0u3HIMzVu7Srrpv7EBBxTnrFlSCskwdY1+EOFQSm7uMJhNQHkdPcmjg==",
            "funding": [
                {
                    "type": "github",
                    "url": "https://github.com/sponsors/twbs"
                },
                {
                    "type": "opencollective",
                    "url": "https://opencollective.com/bootstrap"
                }
            ],
            "peerDependencies": {
                "@popperjs/core": "^2.11.8"
            }
        },
        "node_modules/esbuild": {
            "version": "0.20.2",
            "resolved": "https://registry.npmjs.org/esbuild/-/esbuild-0.20.2.tgz",
            "integrity": "sha512-WdOOppmUNU+IbZ0PaDiTst80zjnrOkyJNHoKupIcVyU8Lvla3Ugx94VzkQ32Ijqd7UhHJy75gNWDMUekcrSJ6g==",
            "dev": true,
            "hasInstallScript": true,
            "license": "MIT",
            "bin": {
                "esbuild": "bin/esbuild"
            },
            "engines": {
                "node": ">=12"
            },
            "optionalDependencies": {
                "@esbuild/aix-ppc64": "0.20.2",
                "@esbuild/android-arm": "0.20.2",
                "@esbuild/android-arm64": "0.20.2",
                "@esbuild/android-x64": "0.20.2",
                "@esbuild/darwin-arm64": "0.20.2",
                "@esbuild/darwin-x64": "0.20.2",
                "@esbuild/freebsd-arm64": "0.20.2",
                "@esbuild/freebsd-x64": "0.20.2",
                "@esbuild/linux-arm": "0.20.2",
                "@esbuild/linux-arm64": "0.20.2",
                "@esbuild/linux-ia32": "0.20.2",
                "@esbuild/linux-loong64": "0.20.2",
                "@esbuild/linux-mips64el": "0.20.2",
                "@esbuild/linux-ppc64": "0.20.2",
                "@esbuild/linux-riscv64": "0.20.2",
                "@esbuild/linux-s390x": "0.20.2",
                "@esbuild/linux-x64": "0.20.2",
                "@esbuild/netbsd-x64": "0.20.2",
                "@esbuild/openbsd-x64": "0.20.2",
                "@esbuild/sunos-x64": "0.20.2",
                "@esbuild/win32-arm64": "0.20.2",
                "@esbuild/win32-ia32": "0.20.2",
                "@esbuild/win32-x64": "0.20.2"
            }
        },
        "node_modules/fsevents": {
            "version": "2.3.3",
            "resolved": "https://registry.npmjs.org/fsevents/-/fsevents-2.3.3.tgz",
            "integrity": "sha512-5xoDfX+fL7faATnagmWPpbFtwh/R77WmMMqqHGS65C3vvB0YHrgF+B1YmZ3441tMj5n63k0212XNoJwzlhffQw==",
            "dev": true,
            "license": "MIT",
            "optional": true,
            "os": [
                "darwin"
            ],
            "engines": {
                "node": "^8.16.0 || ^10.6.0 || >=11.0.0"
            }
        },
        "node_modules/jquery": {
            "version": "3.7.1",
            "resolved": "https://registry.npmjs.org/jquery/-/jquery-3.7.1.tgz",
            "integrity": "sha512-m4avr8yL8kmFN8psrbFFFmB/If14iN5o9nw/NgnnM+kybDJpRsAynV2BsfpTYrTRysYUdADVD7CkUUizgkpLfg=="
        },
        "node_modules/jquery.easing": {
            "version": "1.4.1",
            "resolved": "https://registry.npmjs.org/jquery.easing/-/jquery.easing-1.4.1.tgz",
            "integrity": "sha1-R5gsWDa9dY/UhJSSPEoQHvbpPjs=",
            "license": "BSD-3-Clause"
        },
        "node_modules/magnific-popup": {
            "version": "1.1.0",
            "resolved": "https://registry.npmjs.org/magnific-popup/-/magnific-popup-1.1.0.tgz",
            "integrity": "sha1-PnNixb0Y9nhf6Z5Z0BPiCvM9MEk=",
            "license": "MIT",
            "engines": {
                "node": ">= 0.8.0"
            }
        },
        "node_modules/nanoid": {
            "version": "3.3.7",
            "resolved": "https://registry.npmjs.org/nanoid/-/nanoid-3.3.7.tgz",
            "integrity": "sha512-eSRppjcPIatRIMC1U6UngP8XFcz8MQWGQdt1MTBQ7NaAmvXDfvNxbvWV3x2y6CdEUciCSsDHDQZbhYaB8QEo2g==",
            "dev": true,
            "funding": [
                {
                    "type": "github",
                    "url": "https://github.com/sponsors/ai"
                }
            ],
            "license": "MIT",
            "bin": {
                "nanoid": "bin/nanoid.cjs"
            },
            "engines": {
                "node": "^10 || ^12 || ^13.7 || ^14 || >=15.0.1"
            }
        },
        "node_modules/picocolors": {
            "version": "1.0.0",
            "resolved": "https://registry.npmjs.org/picocolors/-/picocolors-1.0.0.tgz",
            "integrity": "sha512-1fygroTLlHu66zi26VoTDv8yRgm0Fccecssto+MhsZ0D/DGW2sm8E8AjW7NU5VVTRt5GxbeZ5qBuJr+HyLYkjQ==",
            "dev": true,
            "license": "ISC"
        },
        "node_modules/postcss": {
            "version": "8.4.38",
            "resolved": "https://registry.npmjs.org/postcss/-/postcss-8.4.38.tgz",
            "integrity": "sha512-Wglpdk03BSfXkHoQa3b/oulrotAkwrlLDRSOb9D0bN86FdRyE9lppSp33aHNPgBa0JKCoB+drFLZkQoRRYae5A==",
            "dev": true,
            "funding": [
                {
                    "type": "opencollective",
                    "url": "https://opencollective.com/postcss/"
                },
                {
                    "type": "tidelift",
                    "url": "https://tidelift.com/funding/github/npm/postcss"
                },
                {
                    "type": "github",
                    "url": "https://github.com/sponsors/ai"
                }
            ],
            "license": "MIT",
            "dependencies": {
                "nanoid": "^3.3.7",
                "picocolors": "^1.0.0",
                "source-map-js": "^1.2.0"
            },
            "engines": {
                "node": "^10 || ^12 || >=14"
            }
        },
        "node_modules/prettier": {
            "version": "3.2.5",
            "resolved": "https://registry.npmjs.org/prettier/-/prettier-3.2.5.tgz",
            "integrity": "sha512-3/GWa9aOC0YeD7LUfvOG2NiDyhOWRvt1k+rcKhOuYnMY24iiCphgneUfJDyFXd6rZCAnuLBv6UeAULtrhT/F4A==",
            "dev": true,
            "bin": {
                "prettier": "bin/prettier.cjs"
            },
            "engines": {
                "node": ">=14"
            },
            "funding": {
                "url": "https://github.com/prettier/prettier?sponsor=1"
            }
        },
        "node_modules/rollup": {
            "version": "4.13.0",
            "resolved": "https://registry.npmjs.org/rollup/-/rollup-4.13.0.tgz",
            "integrity": "sha512-3YegKemjoQnYKmsBlOHfMLVPPA5xLkQ8MHLLSw/fBrFaVkEayL51DilPpNNLq1exr98F2B1TzrV0FUlN3gWRPg==",
            "dev": true,
            "license": "MIT",
            "dependencies": {
                "@types/estree": "1.0.5"
            },
            "bin": {
                "rollup": "dist/bin/rollup"
            },
            "engines": {
                "node": ">=18.0.0",
                "npm": ">=8.0.0"
            },
            "optionalDependencies": {
                "@rollup/rollup-android-arm-eabi": "4.13.0",
                "@rollup/rollup-android-arm64": "4.13.0",
                "@rollup/rollup-darwin-arm64": "4.13.0",
                "@rollup/rollup-darwin-x64": "4.13.0",
                "@rollup/rollup-linux-arm-gnueabihf": "4.13.0",
                "@rollup/rollup-linux-arm64-gnu": "4.13.0",
                "@rollup/rollup-linux-arm64-musl": "4.13.0",
                "@rollup/rollup-linux-riscv64-gnu": "4.13.0",
                "@rollup/rollup-linux-x64-gnu": "4.13.0",
                "@rollup/rollup-linux-x64-musl": "4.13.0",
                "@rollup/rollup-win32-arm64-msvc": "4.13.0",
                "@rollup/rollup-win32-ia32-msvc": "4.13.0",
                "@rollup/rollup-win32-x64-msvc": "4.13.0",
                "fsevents": "~2.3.2"
            }
        },
        "node_modules/source-map-js": {
            "version": "1.2.0",
            "resolved": "https://registry.npmjs.org/source-map-js/-/source-map-js-1.2.0.tgz",
            "integrity": "sha512-itJW8lvSA0TXEphiRoawsCksnlf8SyvmFzIhltqAHluXd88pkCd+cXJVHTDwdCr0IzwptSm035IHQktUu1QUMg==",
            "dev": true,
            "license": "BSD-3-Clause",
            "engines": {
                "node": ">=0.10.0"
            }
        },
        "node_modules/vite": {
            "version": "5.2.2",
            "resolved": "https://registry.npmjs.org/vite/-/vite-5.2.2.tgz",
            "integrity": "sha512-FWZbz0oSdLq5snUI0b6sULbz58iXFXdvkZfZWR/F0ZJuKTSPO7v72QPXt6KqYeMFb0yytNp6kZosxJ96Nr/wDQ==",
            "dev": true,
            "license": "MIT",
            "dependencies": {
                "esbuild": "^0.20.1",
                "postcss": "^8.4.36",
                "rollup": "^4.13.0"
            },
            "bin": {
                "vite": "bin/vite.js"
            },
            "engines": {
                "node": "^18.0.0 || >=20.0.0"
            },
            "funding": {
                "url": "https://github.com/vitejs/vite?sponsor=1"
            },
            "optionalDependencies": {
                "fsevents": "~2.3.3"
            },
            "peerDependencies": {
                "@types/node": "^18.0.0 || >=20.0.0",
                "less": "*",
                "lightningcss": "^1.21.0",
                "sass": "*",
                "stylus": "*",
                "sugarss": "*",
                "terser": "^5.4.0"
            },
            "peerDependenciesMeta": {
                "@types/node": {
                    "optional": true
                },
                "less": {
                    "optional": true
                },
                "lightningcss": {
                    "optional": true
                },
                "sass": {
                    "optional": true
                },
                "stylus": {
                    "optional": true
                },
                "sugarss": {
                    "optional": true
                },
                "terser": {
                    "optional": true
                }
            }
        },
        "node_modules/vite-plugin-banner": {
            "version": "0.7.1",
            "resolved": "https://registry.npmjs.org/vite-plugin-banner/-/vite-plugin-banner-0.7.1.tgz",
            "integrity": "sha512-Bww2Xd5tOGsZ1yZ9rQiGneryvsL1u86znPrqeQjCsXPsG72pnSdV5lcQA+cy8UNDguMqyTJiCevlNUbLnT85UA==",
            "dev": true,
            "license": "MIT"
        }
    }
}
